
Microsoft Visual Studio Solution File, Format Version 12.00
Project("{FAE04EC0-301F-11D3-BF4B-00C04F79EFBC}") = "Computers", "Computers\Computers.csproj", "{B3EFEAD7-131C-47F5-99F7-DF4CA1F27E7A}"
EndProject
Global
	GlobalSection(SolutionConfigurationPlatforms) = preSolution
		Debug|Any CPU = Debug|Any CPU
		Release|Any CPU = Release|Any CPU
	EndGlobalSection
	GlobalSection(ProjectConfigurationPlatforms) = postSolution
		{B3EFEAD7-131C-47F5-99F7-DF4CA1F27E7A}.Debug|Any CPU.ActiveCfg = Debug|Any CPU
		{B3EFEAD7-131C-47F5-99F7-DF4CA1F27E7A}.Debug|Any CPU.Build.0 = Debug|Any CPU
		{B3EFEAD7-131C-47F5-99F7-DF4CA1F27E7A}.Release|Any CPU.ActiveCfg = Release|Any CPU
		{B3EFEAD7-131C-47F5-99F7-DF4CA1F27E7A}.Release|Any CPU.Build.0 = Release|Any CPU
	EndGlobalSection
EndGlobal
